
Microsoft Visual Studio Solution File, Format Version 12.00
# Visual Studio Version 16
VisualStudioVersion = 16.0.29709.97
MinimumVisualStudioVersion = 10.0.40219.1
Project("{FAE04EC0-301F-11D3-BF4B-00C04F79EFBC}") = "massa", "massa\massa.csproj", "{3A71A35D-8689-4ADB-B90C-DA05D053D4D7}"
EndProject
Global
	GlobalSection(SolutionConfigurationPlatforms) = preSolution
		Debug|Any CPU = Debug|Any CPU
		Release|Any CPU = Release|Any CPU
	EndGlobalSection
	GlobalSection(ProjectConfigurationPlatforms) = postSolution
		{3A71A35D-8689-4ADB-B90C-DA05D053D4D7}.Debug|Any CPU.ActiveCfg = Debug|Any CPU
		{3A71A35D-8689-4ADB-B90C-DA05D053D4D7}.Debug|Any CPU.Build.0 = Debug|Any CPU
		{3A71A35D-8689-4ADB-B90C-DA05D053D4D7}.Release|Any CPU.ActiveCfg = Release|Any CPU
		{3A71A35D-8689-4ADB-B90C-DA05D053D4D7}.Release|Any CPU.Build.0 = Release|Any CPU
	EndGlobalSection
	GlobalSection(SolutionProperties) = preSolution
		HideSolutionNode = FALSE
	EndGlobalSection
	GlobalSection(ExtensibilityGlobals) = postSolution
		SolutionGuid = {A4CE8397-42CD-4635-A51B-C585F7232852}
	EndGlobalSection
EndGlobal
