
Microsoft Visual Studio Solution File, Format Version 12.00
# Visual Studio Version 16
VisualStudioVersion = 16.0.29709.97
MinimumVisualStudioVersion = 10.0.40219.1
Project("{FAE04EC0-301F-11D3-BF4B-00C04F79EFBC}") = "Mas3", "Mas3\Mas3.csproj", "{8CAF1395-592C-4BC1-BEA2-DA123A1F0E40}"
EndProject
Global
	GlobalSection(SolutionConfigurationPlatforms) = preSolution
		Debug|Any CPU = Debug|Any CPU
		Release|Any CPU = Release|Any CPU
	EndGlobalSection
	GlobalSection(ProjectConfigurationPlatforms) = postSolution
		{8CAF1395-592C-4BC1-BEA2-DA123A1F0E40}.Debug|Any CPU.ActiveCfg = Debug|Any CPU
		{8CAF1395-592C-4BC1-BEA2-DA123A1F0E40}.Debug|Any CPU.Build.0 = Debug|Any CPU
		{8CAF1395-592C-4BC1-BEA2-DA123A1F0E40}.Release|Any CPU.ActiveCfg = Release|Any CPU
		{8CAF1395-592C-4BC1-BEA2-DA123A1F0E40}.Release|Any CPU.Build.0 = Release|Any CPU
	EndGlobalSection
	GlobalSection(SolutionProperties) = preSolution
		HideSolutionNode = FALSE
	EndGlobalSection
	GlobalSection(ExtensibilityGlobals) = postSolution
		SolutionGuid = {EE1C0939-2A85-40DE-868D-41E9733D1FF8}
	EndGlobalSection
EndGlobal
